
Microsoft Visual Studio Solution File, Format Version 12.00
# Visual Studio Version 17
VisualStudioVersion = 17.6.33815.320
MinimumVisualStudioVersion = 10.0.40219.1
Project("{9A19103F-16F7-4668-BE54-9A1E7A4F7556}") = "PinCloud", "PinCloud\PinCloud.csproj", "{9A526315-30E6-48E7-950A-CCE4FDB6E5A2}"
EndProject
Global
	GlobalSection(SolutionConfigurationPlatforms) = preSolution
		Debug|Any CPU = Debug|Any CPU
		Release|Any CPU = Release|Any CPU
	EndGlobalSection
	GlobalSection(ProjectConfigurationPlatforms) = postSolution
		{9A526315-30E6-48E7-950A-CCE4FDB6E5A2}.Debug|Any CPU.ActiveCfg = Debug|Any CPU
		{9A526315-30E6-48E7-950A-CCE4FDB6E5A2}.Debug|Any CPU.Build.0 = Debug|Any CPU
		{9A526315-30E6-48E7-950A-CCE4FDB6E5A2}.Release|Any CPU.ActiveCfg = Release|Any CPU
		{9A526315-30E6-48E7-950A-CCE4FDB6E5A2}.Release|Any CPU.Build.0 = Release|Any CPU
		{AE6FB44C-D97A-4ADD-A91A-019CC624634D}.Debug|Any CPU.ActiveCfg = Debug|Any CPU
		{AE6FB44C-D97A-4ADD-A91A-019CC624634D}.Debug|Any CPU.Build.0 = Debug|Any CPU
		{AE6FB44C-D97A-4ADD-A91A-019CC624634D}.Debug|Any CPU.Deploy.0 = Debug|Any CPU
		{AE6FB44C-D97A-4ADD-A91A-019CC624634D}.Release|Any CPU.ActiveCfg = Release|Any CPU
		{AE6FB44C-D97A-4ADD-A91A-019CC624634D}.Release|Any CPU.Build.0 = Release|Any CPU
		{AE6FB44C-D97A-4ADD-A91A-019CC624634D}.Release|Any CPU.Deploy.0 = Release|Any CPU
	EndGlobalSection
	GlobalSection(SolutionProperties) = preSolution
		HideSolutionNode = FALSE
	EndGlobalSection
	GlobalSection(ExtensibilityGlobals) = postSolution
		SolutionGuid = {D9BE2CBC-DBB1-43F8-821B-DB78FFD80647}
	EndGlobalSection
EndGlobal
